// !$*UTF8*$!
{
	archiveVersion = 1;
	classes = {
	};
	objectVersion = 46;
	objects = {

/* Begin PBXBuildFile section */
		CCA3CBEC1E995EFF0018EA02 /* AppDelegate.swift in Sources */ = {isa = PBXBuildFile; fileRef = CCA3CBEB1E995EFF0018EA02 /* AppDelegate.swift */; };
		CCA3CBEE1E995EFF0018EA02 /* ViewController.swift in Sources */ = {isa = PBXBuildFile; fileRef = CCA3CBED1E995EFF0018EA02 /* ViewController.swift */; };
		CCA3CBF11E995EFF0018EA02 /* Main.storyboard in Resources */ = {isa = PBXBuildFile; fileRef = CCA3CBEF1E995EFF0018EA02 /* Main.storyboard */; };
		CCA3CBF31E995EFF0018EA02 /* Assets.xcassets in Resources */ = {isa = PBXBuildFile; fileRef = CCA3CBF21E995EFF0018EA02 /* Assets.xcassets */; };
		CCA3CBF61E995F000018EA02 /* LaunchScreen.storyboard in Resources */ = {isa = PBXBuildFile; fileRef = CCA3CBF41E995F000018EA02 /* LaunchScreen.storyboard */; };
/* End PBXBuildFile section */

/* Begin PBXFileReference section */
		CCA3CBE81E995EFF0018EA02 /* Calculator.app */ = {isa = PBXFileReference; explicitFileType = wrapper.application; includeInIndex = 0; path = Calculator.app; sourceTree = BUILT_PRODUCTS_DIR; };
		CCA3CBEB1E995EFF0018EA02 /* AppDelegate.swift */ = {isa = PBXFileReference; lastKnownFileType = sourcecode.swift; path = AppDelegate.swift; sourceTree = "<group>"; };
		CCA3CBED1E995EFF0018EA02 /* ViewController.swift */ = {isa = PBXFileReference; lastKnownFileType = sourcecode.swift; path = ViewController.swift; sourceTree = "<group>"; };
		CCA3CBF01E995EFF0018EA02 /* Base */ = {isa = PBXFileReference; lastKnownFileType = file.storyboard; name = Base; path = Base.lproj/Main.storyboard; sourceTree = "<group>"; };
		CCA3CBF21E995EFF0018EA02 /* Assets.xcassets */ = {isa = PBXFileReference; lastKnownFileType = folder.assetcatalog; path = Assets.xcassets; sourceTree = "<group>"; };
		CCA3CBF51E995F000018EA02 /* Base */ = {isa = PBXFileReference; lastKnownFileType = file.storyboard; name = Base; path = Base.lproj/LaunchScreen.storyboard; sourceTree = "<group>"; };
		CCA3CBF71E995F000018EA02 /* Info.plist */ = {isa = PBXFileReference; lastKnownFileType = text.plist.xml; path = Info.plist; sourceTree = "<group>"; };
/* End PBXFileReference section */

/* Begin PBXFrameworksBuildPhase section */
		CCA3CBE51E995EFE0018EA02 /* Frameworks */ = {
			isa = PBXFrameworksBuildPhase;
			buildActionMask = 2147483647;
			files = (
			);
			runOnlyForDeploymentPostprocessing = 0;
		};
/* End PBXFrameworksBuildPhase section */

/* Begin PBXGroup section */
		CCA3CBDF1E995EFE0018EA02 = {
			isa = PBXGroup;
			children = (
				CCA3CBEA1E995EFF0018EA02 /* Calculator */,
				CCA3CBE91E995EFF0018EA02 /* Products */,
			);
			sourceTree = "<group>";
		};
		CCA3CBE91E995EFF0018EA02 /* Products */ = {
			isa = PBXGroup;
			children = (
				CCA3CBE81E995EFF0018EA02 /* Calculator.app */,
			);
			name = Products;
			sourceTree = "<group>";
		};
		CCA3CBEA1E995EFF0018EA02 /* Calculator */ = {
			isa = PBXGroup;
			children = (
				CCA3CBED1E995EFF0018EA02 /* ViewController.swift */,
				CCA3CBEF1E995EFF0018EA02 /* Main.storyboard */,
				CCA3CBFD1E995FDD0018EA02 /* Supporting Files */,
			);
			path = Calculator;
			sourceTree = "<group>";
		};
		CCA3CBFD1E995FDD0018EA02 /* Supporting Files */ = {
			isa = PBXGroup;
			children = (
				CCA3CBEB1E995EFF0018EA02 /* AppDelegate.swift */,
				CCA3CBF21E995EFF0018EA02 /* Assets.xcassets */,
				CCA3CBF41E995F000018EA02 /* LaunchScreen.storyboard */,
				CCA3CBF71E995F000018EA02 /* Info.plist */,
			);
			name = "Supporting Files";
			sourceTree = "<group>";
		};
/* End PBXGroup section */

/* Begin PBXNativeTarget section */
		CCA3CBE71E995EFE0018EA02 /* Calculator */ = {
			isa = PBXNativeTarget;
			buildConfigurationList = CCA3CBFA1E995F000018EA02 /* Build configuration list for PBXNativeTarget "Calculator" */;
			buildPhases = (
				CCA3CBE41E995EFE0018EA02 /* Sources */,
				CCA3CBE51E995EFE0018EA02 /* Frameworks */,
				CCA3CBE61E995EFE0018EA02 /* Resources */,
			);
			buildRules = (
			);
			dependencies = (
			);
			name = Calculator;
			productName = Calculator;
			productReference = CCA3CBE81E995EFF0018EA02 /* Calculator.app */;
			productType = "com.apple.product-type.application";
		};
/* End PBXNativeTarget section */

/* Begin PBXProject section */
		CCA3CBE01E995EFE0018EA02 /* Project object */ = {
			isa = PBXProject;
			attributes = {
				LastSwiftUpdateCheck = 0820;
				LastUpgradeCheck = 0820;
				ORGANIZATIONNAME = "Daniel Kreling";
				TargetAttributes = {
					CCA3CBE71E995EFE0018EA02 = {
						CreatedOnToolsVersion = 8.2.1;
						DevelopmentTeam = E76J8HQM7A;
						ProvisioningStyle = Automatic;
					};
				};
			};
			buildConfigurationList = CCA3CBE31E995EFE0018EA02 /* Build configuration list for PBXProject "Calculator" */;
			compatibilityVersion = "Xcode 3.2";
			developmentRegion = English;
			hasScannedForEncodings = 0;
			knownRegions = (
				en,
				Base,
			);
			mainGroup = CCA3CBDF1E995EFE0018EA02;
			productRefGroup = CCA3CBE91E995EFF0018EA02 /* Products */;
			projectDirPath = "";
			projectRoot = "";
			targets = (
				CCA3CBE71E995EFE0018EA02 /* Calculator */,
			);
		};
/* End PBXProject section */

/* Begin PBXResourcesBuildPhase section */
		CCA3CBE61E995EFE0018EA02 /* Resources */ = {
			isa = PBXResourcesBuildPhase;
			buildActionMask = 2147483647;
			files = (
				CCA3CBF61E995F000018EA02 /* LaunchScreen.storyboard in Resources */,
				CCA3CBF31E995EFF0018EA02 /* Assets.xcassets in Resources */,
				CCA3CBF11E995EFF0018EA02 /* Main.storyboard in Resources */,
			);
			runOnlyForDeploymentPostprocessing = 0;
		};
/* End PBXResourcesBuildPhase section */

/* Begin PBXSourcesBuildPhase section */
		CCA3CBE41E995EFE0018EA02 /* Sources */ = {
			isa = PBXSourcesBuildPhase;
			buildActionMask = 2147483647;
			files = (
				CCA3CBEE1E995EFF0018EA02 /* ViewController.swift in Sources */,
				CCA3CBEC1E995EFF0018EA02 /* AppDelegate.swift in Sources */,
			);
			runOnlyForDeploymentPostprocessing = 0;
		};
/* End PBXSourcesBuildPhase section */

/* Begin PBXVariantGroup section */
		CCA3CBEF1E995EFF0018EA02 /* Main.storyboard */ = {
			isa = PBXVariantGroup;
			children = (
				CCA3CBF01E995EFF0018EA02 /* Base */,
			);
			name = Main.storyboard;
			sourceTree = "<group>";
		};
		CCA3CBF41E995F000018EA02 /* LaunchScreen.storyboard */ = {
			isa = PBXVariantGroup;
			children = (
				CCA3CBF51E995F000018EA02 /* Base */,
			);
			name = LaunchScreen.storyboard;
			sourceTree = "<group>";
		};
/* End PBXVariantGroup section */

/* Begin XCBuildConfiguration section */
		CCA3CBF81E995F000018EA02 /* Debug */ = {
			isa = XCBuildConfiguration;
			buildSettings = {
				ALWAYS_SEARCH_USER_PATHS = NO;
				CLANG_ANALYZER_NONNULL = YES;
				CLANG_CXX_LANGUAGE_STANDARD = "gnu++0x";
				CLANG_CXX_LIBRARY = "libc++";
				CLANG_ENABLE_MODULES = YES;
				CLANG_ENABLE_OBJC_ARC = YES;
				CLANG_WARN_BOOL_CONVERSION = YES;
				CLANG_WARN_CONSTANT_CONVERSION = YES;
				CLANG_WARN_DIRECT_OBJC_ISA_USAGE = YES_ERROR;
				CLANG_WARN_DOCUMENTATION_COMMENTS = YES;
				CLANG_WARN_EMPTY_BODY = YES;
				CLANG_WARN_ENUM_CONVERSION = YES;
				CLANG_WARN_INFINITE_RECURSION = YES;
				CLANG_WARN_INT_CONVERSION = YES;
				CLANG_WARN_OBJC_ROOT_CLASS = YES_ERROR;
				CLANG_WARN_SUSPICIOUS_MOVE = YES;
				CLANG_WARN_UNREACHABLE_CODE = YES;
				CLANG_WARN__DUPLICATE_METHOD_MATCH = YES;
				"CODE_SIGN_IDENTITY[sdk=iphoneos*]" = "iPhone Developer";
				COPY_PHASE_STRIP = NO;
				DEBUG_INFORMATION_FORMAT = dwarf;
				ENABLE_STRICT_OBJC_MSGSEND = YES;
				ENABLE_TESTABILITY = YES;
				GCC_C_LANGUAGE_STANDARD = gnu99;
				GCC_DYNAMIC_NO_PIC = NO;
				GCC_NO_COMMON_BLOCKS = YES;
				GCC_OPTIMIZATION_LEVEL = 0;
				GCC_PREPROCESSOR_DEFINITIONS = (
					"DEBUG=1",
					"$(inherited)",
				);
				GCC_WARN_64_TO_32_BIT_CONVERSION = YES;
				GCC_WARN_ABOUT_RETURN_TYPE = YES_ERROR;
				GCC_WARN_UNDECLARED_SELECTOR = YES;
				GCC_WARN_UNINITIALIZED_AUTOS = YES_AGGRESSIVE;
				GCC_WARN_UNUSED_FUNCTION = YES;
				GCC_WARN_UNUSED_VARIABLE = YES;
				IPHONEOS_DEPLOYMENT_TARGET = 10.2;
				MTL_ENABLE_DEBUG_INFO = YES;
				ONLY_ACTIVE_ARCH = YES;
				SDKROOT = iphoneos;
				SWIFT_ACTIVE_COMPILATION_CONDITIONS = DEBUG;
				SWIFT_OPTIMIZATION_LEVEL = "-Onone";
				TARGETED_DEVICE_FAMILY = "1,2";
			};
			name = Debug;
		};
		CCA3CBF91E995F000018EA02 /* Release */ = {
			isa = XCBuildConfiguration;
			buildSettings = {
				ALWAYS_SEARCH_USER_PATHS = NO;
				CLANG_ANALYZER_NONNULL = YES;
				CLANG_CXX_LANGUAGE_STANDARD = "gnu++0x";
				CLANG_CXX_LIBRARY = "libc++";
				CLANG_ENABLE_MODULES = YES;
				CLANG_ENABLE_OBJC_ARC = YES;
				CLANG_WARN_BOOL_CONVERSION = YES;
				CLANG_WARN_CONSTANT_CONVERSION = YES;
				CLANG_WARN_DIRECT_OBJC_ISA_USAGE = YES_ERROR;
				CLANG_WARN_DOCUMENTATION_COMMENTS = YES;
				CLANG_WARN_EMPTY_BODY = YES;
				CLANG_WARN_ENUM_CONVERSION = YES;
				CLANG_WARN_INFINITE_RECURSION = YES;
				CLANG_WARN_INT_CONVERSION = YES;
				CLANG_WARN_OBJC_ROOT_CLASS = YES_ERROR;
				CLANG_WARN_SUSPICIOUS_MOVE = YES;
				CLANG_WARN_UNREACHABLE_CODE = YES;
				CLANG_WARN__DUPLICATE_METHOD_MATCH = YES;
				"CODE_SIGN_IDENTITY[sdk=iphoneos*]" = "iPhone Developer";
				COPY_PHASE_STRIP = NO;
				DEBUG_INFORMATION_FORMAT = "dwarf-with-dsym";
				ENABLE_NS_ASSERTIONS = NO;
				ENABLE_STRICT_OBJC_MSGSEND = YES;
				GCC_C_LANGUAGE_STANDARD = gnu99;
				GCC_NO_COMMON_BLOCKS = YES;
				GCC_WARN_64_TO_32_BIT_CONVERSION = YES;
				GCC_WARN_ABOUT_RETURN_TYPE = YES_ERROR;
				GCC_WARN_UNDECLARED_SELECTOR = YES;
				GCC_WARN_UNINITIALIZED_AUTOS = YES_AGGRESSIVE;
				GCC_WARN_UNUSED_FUNCTION = YES;
				GCC_WARN_UNUSED_VARIABLE = YES;
				IPHONEOS_DEPLOYMENT_TARGET = 10.2;
				MTL_ENABLE_DEBUG_INFO = NO;
				SDKROOT = iphoneos;
				SWIFT_OPTIMIZATION_LEVEL = "-Owholemodule";
				TARGETED_DEVICE_FAMILY = "1,2";
				VALIDATE_PRODUCT = YES;
			};
			name = Release;
		};
		CCA3CBFB1E995F000018EA02 /* Debug */ = {
			isa = XCBuildConfiguration;
			buildSettings = {
				ASSETCATALOG_COMPILER_APPICON_NAME = AppIcon;
				DEVELOPMENT_TEAM = E76J8HQM7A;
				INFOPLIST_FILE = Calculator/Info.plist;
				LD_RUNPATH_SEARCH_PATHS = "$(inherited) @executable_path/Frameworks";
				PRODUCT_BUNDLE_IDENTIFIER = edu.stanford.cs193p.dbkreling.Calculator;
				PRODUCT_NAME = "$(TARGET_NAME)";
				SWIFT_VERSION = 3.0;
			};
			name = Debug;
		};
		CCA3CBFC1E995F000018EA02 /* Release */ = {
			isa = XCBuildConfiguration;
			buildSettings = {
				ASSETCATALOG_COMPILER_APPICON_NAME = AppIcon;
				DEVELOPMENT_TEAM = E76J8HQM7A;
				INFOPLIST_FILE = Calculator/Info.plist;
				LD_RUNPATH_SEARCH_PATHS = "$(inherited) @executable_path/Frameworks";
				PRODUCT_BUNDLE_IDENTIFIER = edu.stanford.cs193p.dbkreling.Calculator;
				PRODUCT_NAME = "$(TARGET_NAME)";
				SWIFT_VERSION = 3.0;
			};
			name = Release;
		};
/* End XCBuildConfiguration section */

/* Begin XCConfigurationList section */
		CCA3CBE31E995EFE0018EA02 /* Build configuration list for PBXProject "Calculator" */ = {
			isa = XCConfigurationList;
			buildConfigurations = (
				CCA3CBF81E995F000018EA02 /* Debug */,
				CCA3CBF91E995F000018EA02 /* Release */,
			);
			defaultConfigurationIsVisible = 0;
			defaultConfigurationName = Release;
		};
		CCA3CBFA1E995F000018EA02 /* Build configuration list for PBXNativeTarget "Calculator" */ = {
			isa = XCConfigurationList;
			buildConfigurations = (
				CCA3CBFB1E995F000018EA02 /* Debug */,
				CCA3CBFC1E995F000018EA02 /* Release */,
			);
			defaultConfigurationIsVisible = 0;
		};
/* End XCConfigurationList section */
	};
	rootObject = CCA3CBE01E995EFE0018EA02 /* Project object */;
}
